
Microsoft Visual Studio Solution File, Format Version 12.00
# Visual Studio Version 17
VisualStudioVersion = 17.5.33530.505
MinimumVisualStudioVersion = 10.0.40219.1
Project("{FAE04EC0-301F-11D3-BF4B-00C04F79EFBC}") = "Biblioteca", "Biblioteca\Biblioteca.csproj", "{B5E38AF4-DC2F-49B1-A363-1D35EB635461}"
EndProject
Project("{FAE04EC0-301F-11D3-BF4B-00C04F79EFBC}") = "BiblotecaDb", "BiblotecaDb\BiblotecaDb.csproj", "{34813F68-35BD-4812-A8FC-B5EDB2759840}"
EndProject
Global
	GlobalSection(SolutionConfigurationPlatforms) = preSolution
		Debug|Any CPU = Debug|Any CPU
		Release|Any CPU = Release|Any CPU
	EndGlobalSection
	GlobalSection(ProjectConfigurationPlatforms) = postSolution
		{B5E38AF4-DC2F-49B1-A363-1D35EB635461}.Debug|Any CPU.ActiveCfg = Debug|Any CPU
		{B5E38AF4-DC2F-49B1-A363-1D35EB635461}.Debug|Any CPU.Build.0 = Debug|Any CPU
		{B5E38AF4-DC2F-49B1-A363-1D35EB635461}.Release|Any CPU.ActiveCfg = Release|Any CPU
		{B5E38AF4-DC2F-49B1-A363-1D35EB635461}.Release|Any CPU.Build.0 = Release|Any CPU
		{34813F68-35BD-4812-A8FC-B5EDB2759840}.Debug|Any CPU.ActiveCfg = Debug|Any CPU
		{34813F68-35BD-4812-A8FC-B5EDB2759840}.Debug|Any CPU.Build.0 = Debug|Any CPU
		{34813F68-35BD-4812-A8FC-B5EDB2759840}.Release|Any CPU.ActiveCfg = Release|Any CPU
		{34813F68-35BD-4812-A8FC-B5EDB2759840}.Release|Any CPU.Build.0 = Release|Any CPU
	EndGlobalSection
	GlobalSection(SolutionProperties) = preSolution
		HideSolutionNode = FALSE
	EndGlobalSection
	GlobalSection(ExtensibilityGlobals) = postSolution
		SolutionGuid = {4617F9A1-EEE7-46B4-9F80-98061B1D89E6}
	EndGlobalSection
EndGlobal
